
Microsoft Visual Studio Solution File, Format Version 12.00
# Visual Studio 15
VisualStudioVersion = 15.0.27703.2042
MinimumVisualStudioVersion = 10.0.40219.1
Project("{151D2E53-A2C4-4D7D-83FE-D05416EBD58E}") = "AzureResourceGroup1", "AzureResourceGroup1\AzureResourceGroup1.deployproj", "{96B539B6-A24E-47CD-A0F9-842F2405151D}"
EndProject
Global
	GlobalSection(SolutionConfigurationPlatforms) = preSolution
		Debug|Any CPU = Debug|Any CPU
		Release|Any CPU = Release|Any CPU
	EndGlobalSection
	GlobalSection(ProjectConfigurationPlatforms) = postSolution
		{96B539B6-A24E-47CD-A0F9-842F2405151D}.Debug|Any CPU.ActiveCfg = Debug|Any CPU
		{96B539B6-A24E-47CD-A0F9-842F2405151D}.Debug|Any CPU.Build.0 = Debug|Any CPU
		{96B539B6-A24E-47CD-A0F9-842F2405151D}.Release|Any CPU.ActiveCfg = Release|Any CPU
		{96B539B6-A24E-47CD-A0F9-842F2405151D}.Release|Any CPU.Build.0 = Release|Any CPU
	EndGlobalSection
	GlobalSection(SolutionProperties) = preSolution
		HideSolutionNode = FALSE
	EndGlobalSection
	GlobalSection(ExtensibilityGlobals) = postSolution
		SolutionGuid = {6E1626C8-BB43-4FE7-BF6F-C5BEC1762021}
	EndGlobalSection
EndGlobal
